
Microsoft Visual Studio Solution File, Format Version 12.00
# Visual Studio 2013
VisualStudioVersion = 12.0.21005.1
MinimumVisualStudioVersion = 10.0.40219.1
Project("{FAE04EC0-301F-11D3-BF4B-00C04F79EFBC}") = "Kmb.HungryMinds", "Kmb.HungryMinds\Kmb.HungryMinds.csproj", "{1606F534-DCDB-49A2-B23E-7482AFBC8AA8}"
EndProject
Project("{FAE04EC0-301F-11D3-BF4B-00C04F79EFBC}") = "Kmb.HungryMinds.Tests", "..\..\Users\Ken\Documents\Visual Studio 2013\Projects\Kmb.HungryMinds\Kmb.HungryMinds.Tests\Kmb.HungryMinds.Tests.csproj", "{7AB983F2-02A6-4EDB-85D8-E0C41A078032}"
EndProject
Global
	GlobalSection(SolutionConfigurationPlatforms) = preSolution
		Debug|Any CPU = Debug|Any CPU
		Release|Any CPU = Release|Any CPU
	EndGlobalSection
	GlobalSection(ProjectConfigurationPlatforms) = postSolution
		{1606F534-DCDB-49A2-B23E-7482AFBC8AA8}.Debug|Any CPU.ActiveCfg = Debug|Any CPU
		{1606F534-DCDB-49A2-B23E-7482AFBC8AA8}.Debug|Any CPU.Build.0 = Debug|Any CPU
		{1606F534-DCDB-49A2-B23E-7482AFBC8AA8}.Release|Any CPU.ActiveCfg = Release|Any CPU
		{1606F534-DCDB-49A2-B23E-7482AFBC8AA8}.Release|Any CPU.Build.0 = Release|Any CPU
		{7AB983F2-02A6-4EDB-85D8-E0C41A078032}.Debug|Any CPU.ActiveCfg = Debug|Any CPU
		{7AB983F2-02A6-4EDB-85D8-E0C41A078032}.Debug|Any CPU.Build.0 = Debug|Any CPU
		{7AB983F2-02A6-4EDB-85D8-E0C41A078032}.Release|Any CPU.ActiveCfg = Release|Any CPU
		{7AB983F2-02A6-4EDB-85D8-E0C41A078032}.Release|Any CPU.Build.0 = Release|Any CPU
	EndGlobalSection
	GlobalSection(SolutionProperties) = preSolution
		HideSolutionNode = FALSE
	EndGlobalSection
EndGlobal
